
Microsoft Visual Studio Solution File, Format Version 12.00
# Visual Studio Version 16
VisualStudioVersion = 16.0.32126.315
MinimumVisualStudioVersion = 10.0.40219.1
Project("{9A19103F-16F7-4668-BE54-9A1E7A4F7556}") = "UiClient", "UiClient\UiClient.csproj", "{104212AB-95E9-46E2-8AC6-53CF26911F56}"
EndProject
Project("{9A19103F-16F7-4668-BE54-9A1E7A4F7556}") = "DataBaseService", "DataBaseService\DataBaseService.csproj", "{0278B16B-427B-48C6-AF90-04F6AD05A6C8}"
EndProject
Project("{9A19103F-16F7-4668-BE54-9A1E7A4F7556}") = "MessageNotifyerService", "MessageNotifyerService\MessageNotifyerService.csproj", "{788F9D07-623D-44F3-93D6-8358F9A7C7CB}"
EndProject
Project("{9A19103F-16F7-4668-BE54-9A1E7A4F7556}") = "TelegramBot", "TelegramBot\TelegramBot.csproj", "{43CC7FA1-0A52-4798-B843-EF2B4BD6C6F4}"
EndProject
Global
	GlobalSection(SolutionConfigurationPlatforms) = preSolution
		Debug|Any CPU = Debug|Any CPU
		Release|Any CPU = Release|Any CPU
	EndGlobalSection
	GlobalSection(ProjectConfigurationPlatforms) = postSolution
		{104212AB-95E9-46E2-8AC6-53CF26911F56}.Debug|Any CPU.ActiveCfg = Debug|Any CPU
		{104212AB-95E9-46E2-8AC6-53CF26911F56}.Debug|Any CPU.Build.0 = Debug|Any CPU
		{104212AB-95E9-46E2-8AC6-53CF26911F56}.Release|Any CPU.ActiveCfg = Release|Any CPU
		{104212AB-95E9-46E2-8AC6-53CF26911F56}.Release|Any CPU.Build.0 = Release|Any CPU
		{0278B16B-427B-48C6-AF90-04F6AD05A6C8}.Debug|Any CPU.ActiveCfg = Debug|Any CPU
		{0278B16B-427B-48C6-AF90-04F6AD05A6C8}.Debug|Any CPU.Build.0 = Debug|Any CPU
		{0278B16B-427B-48C6-AF90-04F6AD05A6C8}.Release|Any CPU.ActiveCfg = Release|Any CPU
		{0278B16B-427B-48C6-AF90-04F6AD05A6C8}.Release|Any CPU.Build.0 = Release|Any CPU
		{788F9D07-623D-44F3-93D6-8358F9A7C7CB}.Debug|Any CPU.ActiveCfg = Debug|Any CPU
		{788F9D07-623D-44F3-93D6-8358F9A7C7CB}.Debug|Any CPU.Build.0 = Debug|Any CPU
		{788F9D07-623D-44F3-93D6-8358F9A7C7CB}.Release|Any CPU.ActiveCfg = Release|Any CPU
		{788F9D07-623D-44F3-93D6-8358F9A7C7CB}.Release|Any CPU.Build.0 = Release|Any CPU
		{43CC7FA1-0A52-4798-B843-EF2B4BD6C6F4}.Debug|Any CPU.ActiveCfg = Debug|Any CPU
		{43CC7FA1-0A52-4798-B843-EF2B4BD6C6F4}.Debug|Any CPU.Build.0 = Debug|Any CPU
		{43CC7FA1-0A52-4798-B843-EF2B4BD6C6F4}.Release|Any CPU.ActiveCfg = Release|Any CPU
		{43CC7FA1-0A52-4798-B843-EF2B4BD6C6F4}.Release|Any CPU.Build.0 = Release|Any CPU
	EndGlobalSection
	GlobalSection(SolutionProperties) = preSolution
		HideSolutionNode = FALSE
	EndGlobalSection
	GlobalSection(ExtensibilityGlobals) = postSolution
		SolutionGuid = {F20CB414-80CE-48E0-9227-F7C5ED546BFE}
	EndGlobalSection
EndGlobal
